
Microsoft Visual Studio Solution File, Format Version 12.00
# Visual Studio 14
VisualStudioVersion = 14.0.25420.1
MinimumVisualStudioVersion = 10.0.40219.1
Project("{FAE04EC0-301F-11D3-BF4B-00C04F79EFBC}") = "Derprecated.ShopifyMigrator", "Derprecated.ShopifyMigrator\Derprecated.ShopifyMigrator.csproj", "{1450272C-E425-4E1A-AFA5-D35A48501E7D}"
EndProject
Project("{FAE04EC0-301F-11D3-BF4B-00C04F79EFBC}") = "Derprecated.ShopifyMigrator.Models", "Derprecated.ShopifyMigrator.Models\Derprecated.ShopifyMigrator.Models.csproj", "{E94D6442-9EB7-41C6-ABF6-E7B5EB30DACF}"
EndProject
Global
	GlobalSection(SolutionConfigurationPlatforms) = preSolution
		Debug|Any CPU = Debug|Any CPU
		Release|Any CPU = Release|Any CPU
	EndGlobalSection
	GlobalSection(ProjectConfigurationPlatforms) = postSolution
		{1450272C-E425-4E1A-AFA5-D35A48501E7D}.Debug|Any CPU.ActiveCfg = Debug|Any CPU
		{1450272C-E425-4E1A-AFA5-D35A48501E7D}.Debug|Any CPU.Build.0 = Debug|Any CPU
		{1450272C-E425-4E1A-AFA5-D35A48501E7D}.Release|Any CPU.ActiveCfg = Release|Any CPU
		{1450272C-E425-4E1A-AFA5-D35A48501E7D}.Release|Any CPU.Build.0 = Release|Any CPU
		{E94D6442-9EB7-41C6-ABF6-E7B5EB30DACF}.Debug|Any CPU.ActiveCfg = Debug|Any CPU
		{E94D6442-9EB7-41C6-ABF6-E7B5EB30DACF}.Debug|Any CPU.Build.0 = Debug|Any CPU
		{E94D6442-9EB7-41C6-ABF6-E7B5EB30DACF}.Release|Any CPU.ActiveCfg = Release|Any CPU
		{E94D6442-9EB7-41C6-ABF6-E7B5EB30DACF}.Release|Any CPU.Build.0 = Release|Any CPU
	EndGlobalSection
	GlobalSection(SolutionProperties) = preSolution
		HideSolutionNode = FALSE
	EndGlobalSection
EndGlobal
